
Microsoft Visual Studio Solution File, Format Version 12.00
# Visual Studio Version 16
VisualStudioVersion = 25.0.1706.2
MinimumVisualStudioVersion = 10.0.40219.1
Project("{FAE04EC0-301F-11D3-BF4B-00C04F79EFBC}") = "FizzBuzz.Tests", "FizzBuzz.Tests.csproj", "{D9FCCBCF-1345-48C1-A8A9-EE79406AC966}"
EndProject
Project("{FAE04EC0-301F-11D3-BF4B-00C04F79EFBC}") = "FizzBuzz", "..\FizzBuzz\FizzBuzz.csproj", "{49D150FB-E579-4480-BEBB-E5551FEF0A6C}"
EndProject
Global
	GlobalSection(SolutionConfigurationPlatforms) = preSolution
		Debug|Any CPU = Debug|Any CPU
		Release|Any CPU = Release|Any CPU
	EndGlobalSection
	GlobalSection(ProjectConfigurationPlatforms) = postSolution
		{D9FCCBCF-1345-48C1-A8A9-EE79406AC966}.Debug|Any CPU.ActiveCfg = Debug|Any CPU
		{D9FCCBCF-1345-48C1-A8A9-EE79406AC966}.Debug|Any CPU.Build.0 = Debug|Any CPU
		{D9FCCBCF-1345-48C1-A8A9-EE79406AC966}.Release|Any CPU.ActiveCfg = Release|Any CPU
		{D9FCCBCF-1345-48C1-A8A9-EE79406AC966}.Release|Any CPU.Build.0 = Release|Any CPU
		{49D150FB-E579-4480-BEBB-E5551FEF0A6C}.Debug|Any CPU.ActiveCfg = Debug|Any CPU
		{49D150FB-E579-4480-BEBB-E5551FEF0A6C}.Debug|Any CPU.Build.0 = Debug|Any CPU
		{49D150FB-E579-4480-BEBB-E5551FEF0A6C}.Release|Any CPU.ActiveCfg = Release|Any CPU
		{49D150FB-E579-4480-BEBB-E5551FEF0A6C}.Release|Any CPU.Build.0 = Release|Any CPU
	EndGlobalSection
	GlobalSection(SolutionProperties) = preSolution
		HideSolutionNode = FALSE
	EndGlobalSection
	GlobalSection(ExtensibilityGlobals) = postSolution
		SolutionGuid = {E58BDC16-8C55-4CD3-A016-41B5DE3A6F36}
	EndGlobalSection
EndGlobal
